// !$*UTF8*$!
{
	archiveVersion = 1;
	classes = {
	};
	objectVersion = 52;
	objects = {

/* Begin PBXBuildFile section */
		8B3FDC5725DEF2DA002727EF /* AppDelegate.swift in Sources */ = {isa = PBXBuildFile; fileRef = 8B3FDC5625DEF2DA002727EF /* AppDelegate.swift */; };
		8B3FDC6025DEF2DA002727EF /* Assets.xcassets in Resources */ = {isa = PBXBuildFile; fileRef = 8B3FDC5F25DEF2DA002727EF /* Assets.xcassets */; };
		8B3FDC6325DEF2DA002727EF /* LaunchScreen.storyboard in Resources */ = {isa = PBXBuildFile; fileRef = 8B3FDC6125DEF2DA002727EF /* LaunchScreen.storyboard */; };
		8B3FDC6E25DEF2DA002727EF /* SomeAppTests.swift in Sources */ = {isa = PBXBuildFile; fileRef = 8B3FDC6D25DEF2DA002727EF /* SomeAppTests.swift */; };
		8B3FDC9F25DEF3AE002727EF /* Example in Frameworks */ = {isa = PBXBuildFile; productRef = 8B3FDC9E25DEF3AE002727EF /* Example */; };
		8B3FDCA125DEF3B6002727EF /* ExampleTestSupport in Frameworks */ = {isa = PBXBuildFile; productRef = 8B3FDCA025DEF3B6002727EF /* ExampleTestSupport */; };
		8B3FDCA525DEF415002727EF /* SomeAppThing.swift in Sources */ = {isa = PBXBuildFile; fileRef = 8B3FDCA425DEF415002727EF /* SomeAppThing.swift */; };
		8B3FDCA925DEFABA002727EF /* StubService.swift in Sources */ = {isa = PBXBuildFile; fileRef = 8B3FDCA825DEFABA002727EF /* StubService.swift */; };
/* End PBXBuildFile section */

/* Begin PBXContainerItemProxy section */
		8B3FDC6A25DEF2DA002727EF /* PBXContainerItemProxy */ = {
			isa = PBXContainerItemProxy;
			containerPortal = 8B3FDC4B25DEF2DA002727EF /* Project object */;
			proxyType = 1;
			remoteGlobalIDString = 8B3FDC5225DEF2DA002727EF;
			remoteInfo = SomeApp;
		};
/* End PBXContainerItemProxy section */

/* Begin PBXFileReference section */
		8B3FDC5325DEF2DA002727EF /* SomeApp.app */ = {isa = PBXFileReference; explicitFileType = wrapper.application; includeInIndex = 0; path = SomeApp.app; sourceTree = BUILT_PRODUCTS_DIR; };
		8B3FDC5625DEF2DA002727EF /* AppDelegate.swift */ = {isa = PBXFileReference; lastKnownFileType = sourcecode.swift; path = AppDelegate.swift; sourceTree = "<group>"; };
		8B3FDC5F25DEF2DA002727EF /* Assets.xcassets */ = {isa = PBXFileReference; lastKnownFileType = folder.assetcatalog; path = Assets.xcassets; sourceTree = "<group>"; };
		8B3FDC6225DEF2DA002727EF /* Base */ = {isa = PBXFileReference; lastKnownFileType = file.storyboard; name = Base; path = Base.lproj/LaunchScreen.storyboard; sourceTree = "<group>"; };
		8B3FDC6425DEF2DA002727EF /* Info.plist */ = {isa = PBXFileReference; lastKnownFileType = text.plist.xml; path = Info.plist; sourceTree = "<group>"; };
		8B3FDC6925DEF2DA002727EF /* SomeAppTests.xctest */ = {isa = PBXFileReference; explicitFileType = wrapper.cfbundle; includeInIndex = 0; path = SomeAppTests.xctest; sourceTree = BUILT_PRODUCTS_DIR; };
		8B3FDC6D25DEF2DA002727EF /* SomeAppTests.swift */ = {isa = PBXFileReference; lastKnownFileType = sourcecode.swift; path = SomeAppTests.swift; sourceTree = "<group>"; };
		8B3FDC6F25DEF2DA002727EF /* Info.plist */ = {isa = PBXFileReference; lastKnownFileType = text.plist.xml; path = Info.plist; sourceTree = "<group>"; };
		8B3FDC9225DEF344002727EF /* ExamplePackage */ = {isa = PBXFileReference; lastKnownFileType = folder; name = ExamplePackage; path = ../ExamplePackage; sourceTree = "<group>"; };
		8B3FDCA425DEF415002727EF /* SomeAppThing.swift */ = {isa = PBXFileReference; lastKnownFileType = sourcecode.swift; path = SomeAppThing.swift; sourceTree = "<group>"; };
		8B3FDCA825DEFABA002727EF /* StubService.swift */ = {isa = PBXFileReference; lastKnownFileType = sourcecode.swift; path = StubService.swift; sourceTree = "<group>"; };
/* End PBXFileReference section */

/* Begin PBXFrameworksBuildPhase section */
		8B3FDC5025DEF2DA002727EF /* Frameworks */ = {
			isa = PBXFrameworksBuildPhase;
			buildActionMask = 2147483647;
			files = (
				8B3FDC9F25DEF3AE002727EF /* Example in Frameworks */,
			);
			runOnlyForDeploymentPostprocessing = 0;
		};
		8B3FDC6625DEF2DA002727EF /* Frameworks */ = {
			isa = PBXFrameworksBuildPhase;
			buildActionMask = 2147483647;
			files = (
				8B3FDCA125DEF3B6002727EF /* ExampleTestSupport in Frameworks */,
			);
			runOnlyForDeploymentPostprocessing = 0;
		};
/* End PBXFrameworksBuildPhase section */

/* Begin PBXGroup section */
		8B3FDC4A25DEF2DA002727EF = {
			isa = PBXGroup;
			children = (
				8B3FDC9225DEF344002727EF /* ExamplePackage */,
				8B3FDC5525DEF2DA002727EF /* SomeApp */,
				8B3FDC6C25DEF2DA002727EF /* SomeAppTests */,
				8B3FDC5425DEF2DA002727EF /* Products */,
				8B3FDC9D25DEF3AE002727EF /* Frameworks */,
			);
			sourceTree = "<group>";
		};
		8B3FDC5425DEF2DA002727EF /* Products */ = {
			isa = PBXGroup;
			children = (
				8B3FDC5325DEF2DA002727EF /* SomeApp.app */,
				8B3FDC6925DEF2DA002727EF /* SomeAppTests.xctest */,
			);
			name = Products;
			sourceTree = "<group>";
		};
		8B3FDC5525DEF2DA002727EF /* SomeApp */ = {
			isa = PBXGroup;
			children = (
				8B3FDC9C25DEF382002727EF /* Support */,
				8B3FDCA425DEF415002727EF /* SomeAppThing.swift */,
			);
			path = SomeApp;
			sourceTree = "<group>";
		};
		8B3FDC6C25DEF2DA002727EF /* SomeAppTests */ = {
			isa = PBXGroup;
			children = (
				8B3FDCA825DEFABA002727EF /* StubService.swift */,
				8B3FDC6D25DEF2DA002727EF /* SomeAppTests.swift */,
				8B3FDC6F25DEF2DA002727EF /* Info.plist */,
			);
			path = SomeAppTests;
			sourceTree = "<group>";
		};
		8B3FDC9C25DEF382002727EF /* Support */ = {
			isa = PBXGroup;
			children = (
				8B3FDC5F25DEF2DA002727EF /* Assets.xcassets */,
				8B3FDC5625DEF2DA002727EF /* AppDelegate.swift */,
				8B3FDC6125DEF2DA002727EF /* LaunchScreen.storyboard */,
				8B3FDC6425DEF2DA002727EF /* Info.plist */,
			);
			name = Support;
			sourceTree = "<group>";
		};
		8B3FDC9D25DEF3AE002727EF /* Frameworks */ = {
			isa = PBXGroup;
			children = (
			);
			name = Frameworks;
			sourceTree = "<group>";
		};
/* End PBXGroup section */

/* Begin PBXNativeTarget section */
		8B3FDC5225DEF2DA002727EF /* SomeApp */ = {
			isa = PBXNativeTarget;
			buildConfigurationList = 8B3FDC7D25DEF2DA002727EF /* Build configuration list for PBXNativeTarget "SomeApp" */;
			buildPhases = (
				8B3FDC4F25DEF2DA002727EF /* Sources */,
				8B3FDC5025DEF2DA002727EF /* Frameworks */,
				8B3FDC5125DEF2DA002727EF /* Resources */,
			);
			buildRules = (
			);
			dependencies = (
			);
			name = SomeApp;
			packageProductDependencies = (
				8B3FDC9E25DEF3AE002727EF /* Example */,
			);
			productName = SomeApp;
			productReference = 8B3FDC5325DEF2DA002727EF /* SomeApp.app */;
			productType = "com.apple.product-type.application";
		};
		8B3FDC6825DEF2DA002727EF /* SomeAppTests */ = {
			isa = PBXNativeTarget;
			buildConfigurationList = 8B3FDC8025DEF2DA002727EF /* Build configuration list for PBXNativeTarget "SomeAppTests" */;
			buildPhases = (
				8B3FDC6525DEF2DA002727EF /* Sources */,
				8B3FDC6625DEF2DA002727EF /* Frameworks */,
				8B3FDC6725DEF2DA002727EF /* Resources */,
			);
			buildRules = (
			);
			dependencies = (
				8B3FDC6B25DEF2DA002727EF /* PBXTargetDependency */,
			);
			name = SomeAppTests;
			packageProductDependencies = (
				8B3FDCA025DEF3B6002727EF /* ExampleTestSupport */,
			);
			productName = SomeAppTests;
			productReference = 8B3FDC6925DEF2DA002727EF /* SomeAppTests.xctest */;
			productType = "com.apple.product-type.bundle.unit-test";
		};
/* End PBXNativeTarget section */

/* Begin PBXProject section */
		8B3FDC4B25DEF2DA002727EF /* Project object */ = {
			isa = PBXProject;
			attributes = {
				LastSwiftUpdateCheck = 1240;
				LastUpgradeCheck = 1240;
				TargetAttributes = {
					8B3FDC5225DEF2DA002727EF = {
						CreatedOnToolsVersion = 12.4;
					};
					8B3FDC6825DEF2DA002727EF = {
						CreatedOnToolsVersion = 12.4;
						TestTargetID = 8B3FDC5225DEF2DA002727EF;
					};
				};
			};
			buildConfigurationList = 8B3FDC4E25DEF2DA002727EF /* Build configuration list for PBXProject "SomeApp" */;
			compatibilityVersion = "Xcode 9.3";
			developmentRegion = en;
			hasScannedForEncodings = 0;
			knownRegions = (
				en,
				Base,
			);
			mainGroup = 8B3FDC4A25DEF2DA002727EF;
			productRefGroup = 8B3FDC5425DEF2DA002727EF /* Products */;
			projectDirPath = "";
			projectRoot = "";
			targets = (
				8B3FDC5225DEF2DA002727EF /* SomeApp */,
				8B3FDC6825DEF2DA002727EF /* SomeAppTests */,
			);
		};
/* End PBXProject section */

/* Begin PBXResourcesBuildPhase section */
		8B3FDC5125DEF2DA002727EF /* Resources */ = {
			isa = PBXResourcesBuildPhase;
			buildActionMask = 2147483647;
			files = (
				8B3FDC6325DEF2DA002727EF /* LaunchScreen.storyboard in Resources */,
				8B3FDC6025DEF2DA002727EF /* Assets.xcassets in Resources */,
			);
			runOnlyForDeploymentPostprocessing = 0;
		};
		8B3FDC6725DEF2DA002727EF /* Resources */ = {
			isa = PBXResourcesBuildPhase;
			buildActionMask = 2147483647;
			files = (
			);
			runOnlyForDeploymentPostprocessing = 0;
		};
/* End PBXResourcesBuildPhase section */

/* Begin PBXSourcesBuildPhase section */
		8B3FDC4F25DEF2DA002727EF /* Sources */ = {
			isa = PBXSourcesBuildPhase;
			buildActionMask = 2147483647;
			files = (
				8B3FDCA525DEF415002727EF /* SomeAppThing.swift in Sources */,
				8B3FDC5725DEF2DA002727EF /* AppDelegate.swift in Sources */,
			);
			runOnlyForDeploymentPostprocessing = 0;
		};
		8B3FDC6525DEF2DA002727EF /* Sources */ = {
			isa = PBXSourcesBuildPhase;
			buildActionMask = 2147483647;
			files = (
				8B3FDC6E25DEF2DA002727EF /* SomeAppTests.swift in Sources */,
				8B3FDCA925DEFABA002727EF /* StubService.swift in Sources */,
			);
			runOnlyForDeploymentPostprocessing = 0;
		};
/* End PBXSourcesBuildPhase section */

/* Begin PBXTargetDependency section */
		8B3FDC6B25DEF2DA002727EF /* PBXTargetDependency */ = {
			isa = PBXTargetDependency;
			target = 8B3FDC5225DEF2DA002727EF /* SomeApp */;
			targetProxy = 8B3FDC6A25DEF2DA002727EF /* PBXContainerItemProxy */;
		};
/* End PBXTargetDependency section */

/* Begin PBXVariantGroup section */
		8B3FDC6125DEF2DA002727EF /* LaunchScreen.storyboard */ = {
			isa = PBXVariantGroup;
			children = (
				8B3FDC6225DEF2DA002727EF /* Base */,
			);
			name = LaunchScreen.storyboard;
			sourceTree = "<group>";
		};
/* End PBXVariantGroup section */

/* Begin XCBuildConfiguration section */
		8B3FDC7B25DEF2DA002727EF /* Debug */ = {
			isa = XCBuildConfiguration;
			buildSettings = {
				ALWAYS_SEARCH_USER_PATHS = NO;
				CLANG_ANALYZER_NONNULL = YES;
				CLANG_ANALYZER_NUMBER_OBJECT_CONVERSION = YES_AGGRESSIVE;
				CLANG_CXX_LANGUAGE_STANDARD = "gnu++14";
				CLANG_CXX_LIBRARY = "libc++";
				CLANG_ENABLE_MODULES = YES;
				CLANG_ENABLE_OBJC_ARC = YES;
				CLANG_ENABLE_OBJC_WEAK = YES;
				CLANG_WARN_BLOCK_CAPTURE_AUTORELEASING = YES;
				CLANG_WARN_BOOL_CONVERSION = YES;
				CLANG_WARN_COMMA = YES;
				CLANG_WARN_CONSTANT_CONVERSION = YES;
				CLANG_WARN_DEPRECATED_OBJC_IMPLEMENTATIONS = YES;
				CLANG_WARN_DIRECT_OBJC_ISA_USAGE = YES_ERROR;
				CLANG_WARN_DOCUMENTATION_COMMENTS = YES;
				CLANG_WARN_EMPTY_BODY = YES;
				CLANG_WARN_ENUM_CONVERSION = YES;
				CLANG_WARN_INFINITE_RECURSION = YES;
				CLANG_WARN_INT_CONVERSION = YES;
				CLANG_WARN_NON_LITERAL_NULL_CONVERSION = YES;
				CLANG_WARN_OBJC_IMPLICIT_RETAIN_SELF = YES;
				CLANG_WARN_OBJC_LITERAL_CONVERSION = YES;
				CLANG_WARN_OBJC_ROOT_CLASS = YES_ERROR;
				CLANG_WARN_QUOTED_INCLUDE_IN_FRAMEWORK_HEADER = YES;
				CLANG_WARN_RANGE_LOOP_ANALYSIS = YES;
				CLANG_WARN_STRICT_PROTOTYPES = YES;
				CLANG_WARN_SUSPICIOUS_MOVE = YES;
				CLANG_WARN_UNGUARDED_AVAILABILITY = YES_AGGRESSIVE;
				CLANG_WARN_UNREACHABLE_CODE = YES;
				CLANG_WARN__DUPLICATE_METHOD_MATCH = YES;
				COPY_PHASE_STRIP = NO;
				DEBUG_INFORMATION_FORMAT = dwarf;
				ENABLE_STRICT_OBJC_MSGSEND = YES;
				ENABLE_TESTABILITY = YES;
				GCC_C_LANGUAGE_STANDARD = gnu11;
				GCC_DYNAMIC_NO_PIC = NO;
				GCC_NO_COMMON_BLOCKS = YES;
				GCC_OPTIMIZATION_LEVEL = 0;
				GCC_PREPROCESSOR_DEFINITIONS = (
					"DEBUG=1",
					"$(inherited)",
				);
				GCC_WARN_64_TO_32_BIT_CONVERSION = YES;
				GCC_WARN_ABOUT_RETURN_TYPE = YES_ERROR;
				GCC_WARN_UNDECLARED_SELECTOR = YES;
				GCC_WARN_UNINITIALIZED_AUTOS = YES_AGGRESSIVE;
				GCC_WARN_UNUSED_FUNCTION = YES;
				GCC_WARN_UNUSED_VARIABLE = YES;
				IPHONEOS_DEPLOYMENT_TARGET = 14.4;
				MTL_ENABLE_DEBUG_INFO = INCLUDE_SOURCE;
				MTL_FAST_MATH = YES;
				ONLY_ACTIVE_ARCH = YES;
				SDKROOT = iphoneos;
				SWIFT_ACTIVE_COMPILATION_CONDITIONS = DEBUG;
				SWIFT_OPTIMIZATION_LEVEL = "-Onone";
			};
			name = Debug;
		};
		8B3FDC7C25DEF2DA002727EF /* Release */ = {
			isa = XCBuildConfiguration;
			buildSettings = {
				ALWAYS_SEARCH_USER_PATHS = NO;
				CLANG_ANALYZER_NONNULL = YES;
				CLANG_ANALYZER_NUMBER_OBJECT_CONVERSION = YES_AGGRESSIVE;
				CLANG_CXX_LANGUAGE_STANDARD = "gnu++14";
				CLANG_CXX_LIBRARY = "libc++";
				CLANG_ENABLE_MODULES = YES;
				CLANG_ENABLE_OBJC_ARC = YES;
				CLANG_ENABLE_OBJC_WEAK = YES;
				CLANG_WARN_BLOCK_CAPTURE_AUTORELEASING = YES;
				CLANG_WARN_BOOL_CONVERSION = YES;
				CLANG_WARN_COMMA = YES;
				CLANG_WARN_CONSTANT_CONVERSION = YES;
				CLANG_WARN_DEPRECATED_OBJC_IMPLEMENTATIONS = YES;
				CLANG_WARN_DIRECT_OBJC_ISA_USAGE = YES_ERROR;
				CLANG_WARN_DOCUMENTATION_COMMENTS = YES;
				CLANG_WARN_EMPTY_BODY = YES;
				CLANG_WARN_ENUM_CONVERSION = YES;
				CLANG_WARN_INFINITE_RECURSION = YES;
				CLANG_WARN_INT_CONVERSION = YES;
				CLANG_WARN_NON_LITERAL_NULL_CONVERSION = YES;
				CLANG_WARN_OBJC_IMPLICIT_RETAIN_SELF = YES;
				CLANG_WARN_OBJC_LITERAL_CONVERSION = YES;
				CLANG_WARN_OBJC_ROOT_CLASS = YES_ERROR;
				CLANG_WARN_QUOTED_INCLUDE_IN_FRAMEWORK_HEADER = YES;
				CLANG_WARN_RANGE_LOOP_ANALYSIS = YES;
				CLANG_WARN_STRICT_PROTOTYPES = YES;
				CLANG_WARN_SUSPICIOUS_MOVE = YES;
				CLANG_WARN_UNGUARDED_AVAILABILITY = YES_AGGRESSIVE;
				CLANG_WARN_UNREACHABLE_CODE = YES;
				CLANG_WARN__DUPLICATE_METHOD_MATCH = YES;
				COPY_PHASE_STRIP = NO;
				DEBUG_INFORMATION_FORMAT = "dwarf-with-dsym";
				ENABLE_NS_ASSERTIONS = NO;
				ENABLE_STRICT_OBJC_MSGSEND = YES;
				GCC_C_LANGUAGE_STANDARD = gnu11;
				GCC_NO_COMMON_BLOCKS = YES;
				GCC_WARN_64_TO_32_BIT_CONVERSION = YES;
				GCC_WARN_ABOUT_RETURN_TYPE = YES_ERROR;
				GCC_WARN_UNDECLARED_SELECTOR = YES;
				GCC_WARN_UNINITIALIZED_AUTOS = YES_AGGRESSIVE;
				GCC_WARN_UNUSED_FUNCTION = YES;
				GCC_WARN_UNUSED_VARIABLE = YES;
				IPHONEOS_DEPLOYMENT_TARGET = 14.4;
				MTL_ENABLE_DEBUG_INFO = NO;
				MTL_FAST_MATH = YES;
				SDKROOT = iphoneos;
				SWIFT_COMPILATION_MODE = wholemodule;
				SWIFT_OPTIMIZATION_LEVEL = "-O";
				VALIDATE_PRODUCT = YES;
			};
			name = Release;
		};
		8B3FDC7E25DEF2DA002727EF /* Debug */ = {
			isa = XCBuildConfiguration;
			buildSettings = {
				ASSETCATALOG_COMPILER_APPICON_NAME = AppIcon;
				ASSETCATALOG_COMPILER_GLOBAL_ACCENT_COLOR_NAME = AccentColor;
				CODE_SIGN_STYLE = Automatic;
				DEVELOPMENT_TEAM = PC64KMJ767;
				INFOPLIST_FILE = SomeApp/Info.plist;
				LD_RUNPATH_SEARCH_PATHS = (
					"$(inherited)",
					"@executable_path/Frameworks",
				);
				PRODUCT_BUNDLE_IDENTIFIER = com.cameroncooke.SomeApp;
				PRODUCT_NAME = "$(TARGET_NAME)";
				SWIFT_VERSION = 5.0;
				TARGETED_DEVICE_FAMILY = "1,2";
			};
			name = Debug;
		};
		8B3FDC7F25DEF2DA002727EF /* Release */ = {
			isa = XCBuildConfiguration;
			buildSettings = {
				ASSETCATALOG_COMPILER_APPICON_NAME = AppIcon;
				ASSETCATALOG_COMPILER_GLOBAL_ACCENT_COLOR_NAME = AccentColor;
				CODE_SIGN_STYLE = Automatic;
				DEVELOPMENT_TEAM = PC64KMJ767;
				INFOPLIST_FILE = SomeApp/Info.plist;
				LD_RUNPATH_SEARCH_PATHS = (
					"$(inherited)",
					"@executable_path/Frameworks",
				);
				PRODUCT_BUNDLE_IDENTIFIER = com.cameroncooke.SomeApp;
				PRODUCT_NAME = "$(TARGET_NAME)";
				SWIFT_VERSION = 5.0;
				TARGETED_DEVICE_FAMILY = "1,2";
			};
			name = Release;
		};
		8B3FDC8125DEF2DA002727EF /* Debug */ = {
			isa = XCBuildConfiguration;
			buildSettings = {
				ALWAYS_EMBED_SWIFT_STANDARD_LIBRARIES = YES;
				BUNDLE_LOADER = "$(TEST_HOST)";
				CODE_SIGN_STYLE = Automatic;
				DEVELOPMENT_TEAM = PC64KMJ767;
				INFOPLIST_FILE = SomeAppTests/Info.plist;
				IPHONEOS_DEPLOYMENT_TARGET = 14.4;
				LD_RUNPATH_SEARCH_PATHS = (
					"$(inherited)",
					"@executable_path/Frameworks",
					"@loader_path/Frameworks",
				);
				PRODUCT_BUNDLE_IDENTIFIER = com.cameroncooke.SomeAppTests;
				PRODUCT_NAME = "$(TARGET_NAME)";
				SWIFT_VERSION = 5.0;
				TARGETED_DEVICE_FAMILY = "1,2";
				TEST_HOST = "$(BUILT_PRODUCTS_DIR)/SomeApp.app/SomeApp";
			};
			name = Debug;
		};
		8B3FDC8225DEF2DA002727EF /* Release */ = {
			isa = XCBuildConfiguration;
			buildSettings = {
				ALWAYS_EMBED_SWIFT_STANDARD_LIBRARIES = YES;
				BUNDLE_LOADER = "$(TEST_HOST)";
				CODE_SIGN_STYLE = Automatic;
				DEVELOPMENT_TEAM = PC64KMJ767;
				INFOPLIST_FILE = SomeAppTests/Info.plist;
				IPHONEOS_DEPLOYMENT_TARGET = 14.4;
				LD_RUNPATH_SEARCH_PATHS = (
					"$(inherited)",
					"@executable_path/Frameworks",
					"@loader_path/Frameworks",
				);
				PRODUCT_BUNDLE_IDENTIFIER = com.cameroncooke.SomeAppTests;
				PRODUCT_NAME = "$(TARGET_NAME)";
				SWIFT_VERSION = 5.0;
				TARGETED_DEVICE_FAMILY = "1,2";
				TEST_HOST = "$(BUILT_PRODUCTS_DIR)/SomeApp.app/SomeApp";
			};
			name = Release;
		};
/* End XCBuildConfiguration section */

/* Begin XCConfigurationList section */
		8B3FDC4E25DEF2DA002727EF /* Build configuration list for PBXProject "SomeApp" */ = {
			isa = XCConfigurationList;
			buildConfigurations = (
				8B3FDC7B25DEF2DA002727EF /* Debug */,
				8B3FDC7C25DEF2DA002727EF /* Release */,
			);
			defaultConfigurationIsVisible = 0;
			defaultConfigurationName = Release;
		};
		8B3FDC7D25DEF2DA002727EF /* Build configuration list for PBXNativeTarget "SomeApp" */ = {
			isa = XCConfigurationList;
			buildConfigurations = (
				8B3FDC7E25DEF2DA002727EF /* Debug */,
				8B3FDC7F25DEF2DA002727EF /* Release */,
			);
			defaultConfigurationIsVisible = 0;
			defaultConfigurationName = Release;
		};
		8B3FDC8025DEF2DA002727EF /* Build configuration list for PBXNativeTarget "SomeAppTests" */ = {
			isa = XCConfigurationList;
			buildConfigurations = (
				8B3FDC8125DEF2DA002727EF /* Debug */,
				8B3FDC8225DEF2DA002727EF /* Release */,
			);
			defaultConfigurationIsVisible = 0;
			defaultConfigurationName = Release;
		};
/* End XCConfigurationList section */

/* Begin XCSwiftPackageProductDependency section */
		8B3FDC9E25DEF3AE002727EF /* Example */ = {
			isa = XCSwiftPackageProductDependency;
			productName = Example;
		};
		8B3FDCA025DEF3B6002727EF /* ExampleTestSupport */ = {
			isa = XCSwiftPackageProductDependency;
			productName = ExampleTestSupport;
		};
/* End XCSwiftPackageProductDependency section */
	};
	rootObject = 8B3FDC4B25DEF2DA002727EF /* Project object */;
}
